// !$*UTF8*$!
{
	archiveVersion = 1;
	classes = {
	};
	objectVersion = 46;
	objects = {

/* Begin PBXBuildFile section */
		8E8FE0151C9AF0CC00C83731 /* main.m in Sources */ = {isa = PBXBuildFile; fileRef = 8E8FE0141C9AF0CC00C83731 /* main.m */; };
		8E8FE0181C9AF0CC00C83731 /* AppDelegate.m in Sources */ = {isa = PBXBuildFile; fileRef = 8E8FE0171C9AF0CC00C83731 /* AppDelegate.m */; };
		8E8FE01B1C9AF0CC00C83731 /* ViewController.m in Sources */ = {isa = PBXBuildFile; fileRef = 8E8FE01A1C9AF0CC00C83731 /* ViewController.m */; };
		8E8FE01E1C9AF0CC00C83731 /* Main.storyboard in Resources */ = {isa = PBXBuildFile; fileRef = 8E8FE01C1C9AF0CC00C83731 /* Main.storyboard */; };
		8E8FE0201C9AF0CC00C83731 /* Assets.xcassets in Resources */ = {isa = PBXBuildFile; fileRef = 8E8FE01F1C9AF0CC00C83731 /* Assets.xcassets */; };
		8E8FE0231C9AF0CC00C83731 /* LaunchScreen.storyboard in Resources */ = {isa = PBXBuildFile; fileRef = 8E8FE0211C9AF0CC00C83731 /* LaunchScreen.storyboard */; };
		8E8FE02E1C9AF0CC00C83731 /* BeatingHeartTests.m in Sources */ = {isa = PBXBuildFile; fileRef = 8E8FE02D1C9AF0CC00C83731 /* BeatingHeartTests.m */; };
		8E8FE0391C9AF0CC00C83731 /* BeatingHeartUITests.m in Sources */ = {isa = PBXBuildFile; fileRef = 8E8FE0381C9AF0CC00C83731 /* BeatingHeartUITests.m */; };
		8E8FE0481C9AF0EA00C83731 /* BenzierPathView.m in Sources */ = {isa = PBXBuildFile; fileRef = 8E8FE0471C9AF0EA00C83731 /* BenzierPathView.m */; };
/* End PBXBuildFile section */

/* Begin PBXContainerItemProxy section */
		8E8FE02A1C9AF0CC00C83731 /* PBXContainerItemProxy */ = {
			isa = PBXContainerItemProxy;
			containerPortal = 8E8FE0081C9AF0CC00C83731 /* Project object */;
			proxyType = 1;
			remoteGlobalIDString = 8E8FE00F1C9AF0CC00C83731;
			remoteInfo = BeatingHeart;
		};
		8E8FE0351C9AF0CC00C83731 /* PBXContainerItemProxy */ = {
			isa = PBXContainerItemProxy;
			containerPortal = 8E8FE0081C9AF0CC00C83731 /* Project object */;
			proxyType = 1;
			remoteGlobalIDString = 8E8FE00F1C9AF0CC00C83731;
			remoteInfo = BeatingHeart;
		};
/* End PBXContainerItemProxy section */

/* Begin PBXFileReference section */
		8E8FE0101C9AF0CC00C83731 /* BeatingHeart.app */ = {isa = PBXFileReference; explicitFileType = wrapper.application; includeInIndex = 0; path = BeatingHeart.app; sourceTree = BUILT_PRODUCTS_DIR; };
		8E8FE0141C9AF0CC00C83731 /* main.m */ = {isa = PBXFileReference; lastKnownFileType = sourcecode.c.objc; path = main.m; sourceTree = "<group>"; };
		8E8FE0161C9AF0CC00C83731 /* AppDelegate.h */ = {isa = PBXFileReference; lastKnownFileType = sourcecode.c.h; path = AppDelegate.h; sourceTree = "<group>"; };
		8E8FE0171C9AF0CC00C83731 /* AppDelegate.m */ = {isa = PBXFileReference; lastKnownFileType = sourcecode.c.objc; path = AppDelegate.m; sourceTree = "<group>"; };
		8E8FE0191C9AF0CC00C83731 /* ViewController.h */ = {isa = PBXFileReference; lastKnownFileType = sourcecode.c.h; path = ViewController.h; sourceTree = "<group>"; };
		8E8FE01A1C9AF0CC00C83731 /* ViewController.m */ = {isa = PBXFileReference; lastKnownFileType = sourcecode.c.objc; path = ViewController.m; sourceTree = "<group>"; };
		8E8FE01D1C9AF0CC00C83731 /* Base */ = {isa = PBXFileReference; lastKnownFileType = file.storyboard; name = Base; path = Base.lproj/Main.storyboard; sourceTree = "<group>"; };
		8E8FE01F1C9AF0CC00C83731 /* Assets.xcassets */ = {isa = PBXFileReference; lastKnownFileType = folder.assetcatalog; path = Assets.xcassets; sourceTree = "<group>"; };
		8E8FE0221C9AF0CC00C83731 /* Base */ = {isa = PBXFileReference; lastKnownFileType = file.storyboard; name = Base; path = Base.lproj/LaunchScreen.storyboard; sourceTree = "<group>"; };
		8E8FE0241C9AF0CC00C83731 /* Info.plist */ = {isa = PBXFileReference; lastKnownFileType = text.plist.xml; path = Info.plist; sourceTree = "<group>"; };
		8E8FE0291C9AF0CC00C83731 /* BeatingHeartTests.xctest */ = {isa = PBXFileReference; explicitFileType = wrapper.cfbundle; includeInIndex = 0; path = BeatingHeartTests.xctest; sourceTree = BUILT_PRODUCTS_DIR; };
		8E8FE02D1C9AF0CC00C83731 /* BeatingHeartTests.m */ = {isa = PBXFileReference; lastKnownFileType = sourcecode.c.objc; path = BeatingHeartTests.m; sourceTree = "<group>"; };
		8E8FE02F1C9AF0CC00C83731 /* Info.plist */ = {isa = PBXFileReference; lastKnownFileType = text.plist.xml; path = Info.plist; sourceTree = "<group>"; };
		8E8FE0341C9AF0CC00C83731 /* BeatingHeartUITests.xctest */ = {isa = PBXFileReference; explicitFileType = wrapper.cfbundle; includeInIndex = 0; path = BeatingHeartUITests.xctest; sourceTree = BUILT_PRODUCTS_DIR; };
		8E8FE0381C9AF0CC00C83731 /* BeatingHeartUITests.m */ = {isa = PBXFileReference; lastKnownFileType = sourcecode.c.objc; path = BeatingHeartUITests.m; sourceTree = "<group>"; };
		8E8FE03A1C9AF0CC00C83731 /* Info.plist */ = {isa = PBXFileReference; lastKnownFileType = text.plist.xml; path = Info.plist; sourceTree = "<group>"; };
		8E8FE0461C9AF0EA00C83731 /* BenzierPathView.h */ = {isa = PBXFileReference; fileEncoding = 4; lastKnownFileType = sourcecode.c.h; path = BenzierPathView.h; sourceTree = "<group>"; };
		8E8FE0471C9AF0EA00C83731 /* BenzierPathView.m */ = {isa = PBXFileReference; fileEncoding = 4; lastKnownFileType = sourcecode.c.objc; path = BenzierPathView.m; sourceTree = "<group>"; };
/* End PBXFileReference section */

/* Begin PBXFrameworksBuildPhase section */
		8E8FE00D1C9AF0CC00C83731 /* Frameworks */ = {
			isa = PBXFrameworksBuildPhase;
			buildActionMask = 2147483647;
			files = (
			);
			runOnlyForDeploymentPostprocessing = 0;
		};
		8E8FE0261C9AF0CC00C83731 /* Frameworks */ = {
			isa = PBXFrameworksBuildPhase;
			buildActionMask = 2147483647;
			files = (
			);
			runOnlyForDeploymentPostprocessing = 0;
		};
		8E8FE0311C9AF0CC00C83731 /* Frameworks */ = {
			isa = PBXFrameworksBuildPhase;
			buildActionMask = 2147483647;
			files = (
			);
			runOnlyForDeploymentPostprocessing = 0;
		};
/* End PBXFrameworksBuildPhase section */

/* Begin PBXGroup section */
		8E8FE0071C9AF0CC00C83731 = {
			isa = PBXGroup;
			children = (
				8E8FE0121C9AF0CC00C83731 /* BeatingHeart */,
				8E8FE02C1C9AF0CC00C83731 /* BeatingHeartTests */,
				8E8FE0371C9AF0CC00C83731 /* BeatingHeartUITests */,
				8E8FE0111C9AF0CC00C83731 /* Products */,
			);
			sourceTree = "<group>";
		};
		8E8FE0111C9AF0CC00C83731 /* Products */ = {
			isa = PBXGroup;
			children = (
				8E8FE0101C9AF0CC00C83731 /* BeatingHeart.app */,
				8E8FE0291C9AF0CC00C83731 /* BeatingHeartTests.xctest */,
				8E8FE0341C9AF0CC00C83731 /* BeatingHeartUITests.xctest */,
			);
			name = Products;
			sourceTree = "<group>";
		};
		8E8FE0121C9AF0CC00C83731 /* BeatingHeart */ = {
			isa = PBXGroup;
			children = (
				8E8FE0461C9AF0EA00C83731 /* BenzierPathView.h */,
				8E8FE0471C9AF0EA00C83731 /* BenzierPathView.m */,
				8E8FE0161C9AF0CC00C83731 /* AppDelegate.h */,
				8E8FE0171C9AF0CC00C83731 /* AppDelegate.m */,
				8E8FE0191C9AF0CC00C83731 /* ViewController.h */,
				8E8FE01A1C9AF0CC00C83731 /* ViewController.m */,
				8E8FE01C1C9AF0CC00C83731 /* Main.storyboard */,
				8E8FE01F1C9AF0CC00C83731 /* Assets.xcassets */,
				8E8FE0211C9AF0CC00C83731 /* LaunchScreen.storyboard */,
				8E8FE0241C9AF0CC00C83731 /* Info.plist */,
				8E8FE0131C9AF0CC00C83731 /* Supporting Files */,
			);
			path = BeatingHeart;
			sourceTree = "<group>";
		};
		8E8FE0131C9AF0CC00C83731 /* Supporting Files */ = {
			isa = PBXGroup;
			children = (
				8E8FE0141C9AF0CC00C83731 /* main.m */,
			);
			name = "Supporting Files";
			sourceTree = "<group>";
		};
		8E8FE02C1C9AF0CC00C83731 /* BeatingHeartTests */ = {
			isa = PBXGroup;
			children = (
				8E8FE02D1C9AF0CC00C83731 /* BeatingHeartTests.m */,
				8E8FE02F1C9AF0CC00C83731 /* Info.plist */,
			);
			path = BeatingHeartTests;
			sourceTree = "<group>";
		};
		8E8FE0371C9AF0CC00C83731 /* BeatingHeartUITests */ = {
			isa = PBXGroup;
			children = (
				8E8FE0381C9AF0CC00C83731 /* BeatingHeartUITests.m */,
				8E8FE03A1C9AF0CC00C83731 /* Info.plist */,
			);
			path = BeatingHeartUITests;
			sourceTree = "<group>";
		};
/* End PBXGroup section */

/* Begin PBXNativeTarget section */
		8E8FE00F1C9AF0CC00C83731 /* BeatingHeart */ = {
			isa = PBXNativeTarget;
			buildConfigurationList = 8E8FE03D1C9AF0CC00C83731 /* Build configuration list for PBXNativeTarget "BeatingHeart" */;
			buildPhases = (
				8E8FE00C1C9AF0CC00C83731 /* Sources */,
				8E8FE00D1C9AF0CC00C83731 /* Frameworks */,
				8E8FE00E1C9AF0CC00C83731 /* Resources */,
			);
			buildRules = (
			);
			dependencies = (
			);
			name = BeatingHeart;
			productName = BeatingHeart;
			productReference = 8E8FE0101C9AF0CC00C83731 /* BeatingHeart.app */;
			productType = "com.apple.product-type.application";
		};
		8E8FE0281C9AF0CC00C83731 /* BeatingHeartTests */ = {
			isa = PBXNativeTarget;
			buildConfigurationList = 8E8FE0401C9AF0CC00C83731 /* Build configuration list for PBXNativeTarget "BeatingHeartTests" */;
			buildPhases = (
				8E8FE0251C9AF0CC00C83731 /* Sources */,
				8E8FE0261C9AF0CC00C83731 /* Frameworks */,
				8E8FE0271C9AF0CC00C83731 /* Resources */,
			);
			buildRules = (
			);
			dependencies = (
				8E8FE02B1C9AF0CC00C83731 /* PBXTargetDependency */,
			);
			name = BeatingHeartTests;
			productName = BeatingHeartTests;
			productReference = 8E8FE0291C9AF0CC00C83731 /* BeatingHeartTests.xctest */;
			productType = "com.apple.product-type.bundle.unit-test";
		};
		8E8FE0331C9AF0CC00C83731 /* BeatingHeartUITests */ = {
			isa = PBXNativeTarget;
			buildConfigurationList = 8E8FE0431C9AF0CC00C83731 /* Build configuration list for PBXNativeTarget "BeatingHeartUITests" */;
			buildPhases = (
				8E8FE0301C9AF0CC00C83731 /* Sources */,
				8E8FE0311C9AF0CC00C83731 /* Frameworks */,
				8E8FE0321C9AF0CC00C83731 /* Resources */,
			);
			buildRules = (
			);
			dependencies = (
				8E8FE0361C9AF0CC00C83731 /* PBXTargetDependency */,
			);
			name = BeatingHeartUITests;
			productName = BeatingHeartUITests;
			productReference = 8E8FE0341C9AF0CC00C83731 /* BeatingHeartUITests.xctest */;
			productType = "com.apple.product-type.bundle.ui-testing";
		};
/* End PBXNativeTarget section */

/* Begin PBXProject section */
		8E8FE0081C9AF0CC00C83731 /* Project object */ = {
			isa = PBXProject;
			attributes = {
				LastUpgradeCheck = 0720;
				ORGANIZATIONNAME = "Zha Yong";
				TargetAttributes = {
					8E8FE00F1C9AF0CC00C83731 = {
						CreatedOnToolsVersion = 7.2;
					};
					8E8FE0281C9AF0CC00C83731 = {
						CreatedOnToolsVersion = 7.2;
						TestTargetID = 8E8FE00F1C9AF0CC00C83731;
					};
					8E8FE0331C9AF0CC00C83731 = {
						CreatedOnToolsVersion = 7.2;
						TestTargetID = 8E8FE00F1C9AF0CC00C83731;
					};
				};
			};
			buildConfigurationList = 8E8FE00B1C9AF0CC00C83731 /* Build configuration list for PBXProject "BeatingHeart" */;
			compatibilityVersion = "Xcode 3.2";
			developmentRegion = English;
			hasScannedForEncodings = 0;
			knownRegions = (
				en,
				Base,
			);
			mainGroup = 8E8FE0071C9AF0CC00C83731;
			productRefGroup = 8E8FE0111C9AF0CC00C83731 /* Products */;
			projectDirPath = "";
			projectRoot = "";
			targets = (
				8E8FE00F1C9AF0CC00C83731 /* BeatingHeart */,
				8E8FE0281C9AF0CC00C83731 /* BeatingHeartTests */,
				8E8FE0331C9AF0CC00C83731 /* BeatingHeartUITests */,
			);
		};
/* End PBXProject section */

/* Begin PBXResourcesBuildPhase section */
		8E8FE00E1C9AF0CC00C83731 /* Resources */ = {
			isa = PBXResourcesBuildPhase;
			buildActionMask = 2147483647;
			files = (
				8E8FE0231C9AF0CC00C83731 /* LaunchScreen.storyboard in Resources */,
				8E8FE0201C9AF0CC00C83731 /* Assets.xcassets in Resources */,
				8E8FE01E1C9AF0CC00C83731 /* Main.storyboard in Resources */,
			);
			runOnlyForDeploymentPostprocessing = 0;
		};
		8E8FE0271C9AF0CC00C83731 /* Resources */ = {
			isa = PBXResourcesBuildPhase;
			buildActionMask = 2147483647;
			files = (
			);
			runOnlyForDeploymentPostprocessing = 0;
		};
		8E8FE0321C9AF0CC00C83731 /* Resources */ = {
			isa = PBXResourcesBuildPhase;
			buildActionMask = 2147483647;
			files = (
			);
			runOnlyForDeploymentPostprocessing = 0;
		};
/* End PBXResourcesBuildPhase section */

/* Begin PBXSourcesBuildPhase section */
		8E8FE00C1C9AF0CC00C83731 /* Sources */ = {
			isa = PBXSourcesBuildPhase;
			buildActionMask = 2147483647;
			files = (
				8E8FE01B1C9AF0CC00C83731 /* ViewController.m in Sources */,
				8E8FE0181C9AF0CC00C83731 /* AppDelegate.m in Sources */,
				8E8FE0151C9AF0CC00C83731 /* main.m in Sources */,
				8E8FE0481C9AF0EA00C83731 /* BenzierPathView.m in Sources */,
			);
			runOnlyForDeploymentPostprocessing = 0;
		};
		8E8FE0251C9AF0CC00C83731 /* Sources */ = {
			isa = PBXSourcesBuildPhase;
			buildActionMask = 2147483647;
			files = (
				8E8FE02E1C9AF0CC00C83731 /* BeatingHeartTests.m in Sources */,
			);
			runOnlyForDeploymentPostprocessing = 0;
		};
		8E8FE0301C9AF0CC00C83731 /* Sources */ = {
			isa = PBXSourcesBuildPhase;
			buildActionMask = 2147483647;
			files = (
				8E8FE0391C9AF0CC00C83731 /* BeatingHeartUITests.m in Sources */,
			);
			runOnlyForDeploymentPostprocessing = 0;
		};
/* End PBXSourcesBuildPhase section */

/* Begin PBXTargetDependency section */
		8E8FE02B1C9AF0CC00C83731 /* PBXTargetDependency */ = {
			isa = PBXTargetDependency;
			target = 8E8FE00F1C9AF0CC00C83731 /* BeatingHeart */;
			targetProxy = 8E8FE02A1C9AF0CC00C83731 /* PBXContainerItemProxy */;
		};
		8E8FE0361C9AF0CC00C83731 /* PBXTargetDependency */ = {
			isa = PBXTargetDependency;
			target = 8E8FE00F1C9AF0CC00C83731 /* BeatingHeart */;
			targetProxy = 8E8FE0351C9AF0CC00C83731 /* PBXContainerItemProxy */;
		};
/* End PBXTargetDependency section */

/* Begin PBXVariantGroup section */
		8E8FE01C1C9AF0CC00C83731 /* Main.storyboard */ = {
			isa = PBXVariantGroup;
			children = (
				8E8FE01D1C9AF0CC00C83731 /* Base */,
			);
			name = Main.storyboard;
			sourceTree = "<group>";
		};
		8E8FE0211C9AF0CC00C83731 /* LaunchScreen.storyboard */ = {
			isa = PBXVariantGroup;
			children = (
				8E8FE0221C9AF0CC00C83731 /* Base */,
			);
			name = LaunchScreen.storyboard;
			sourceTree = "<group>";
		};
/* End PBXVariantGroup section */

/* Begin XCBuildConfiguration section */
		8E8FE03B1C9AF0CC00C83731 /* Debug */ = {
			isa = XCBuildConfiguration;
			buildSettings = {
				ALWAYS_SEARCH_USER_PATHS = NO;
				CLANG_CXX_LANGUAGE_STANDARD = "gnu++0x";
				CLANG_CXX_LIBRARY = "libc++";
				CLANG_ENABLE_MODULES = YES;
				CLANG_ENABLE_OBJC_ARC = YES;
				CLANG_WARN_BOOL_CONVERSION = YES;
				CLANG_WARN_CONSTANT_CONVERSION = YES;
				CLANG_WARN_DIRECT_OBJC_ISA_USAGE = YES_ERROR;
				CLANG_WARN_EMPTY_BODY = YES;
				CLANG_WARN_ENUM_CONVERSION = YES;
				CLANG_WARN_INT_CONVERSION = YES;
				CLANG_WARN_OBJC_ROOT_CLASS = YES_ERROR;
				CLANG_WARN_UNREACHABLE_CODE = YES;
				CLANG_WARN__DUPLICATE_METHOD_MATCH = YES;
				"CODE_SIGN_IDENTITY[sdk=iphoneos*]" = "iPhone Developer";
				COPY_PHASE_STRIP = NO;
				DEBUG_INFORMATION_FORMAT = dwarf;
				ENABLE_STRICT_OBJC_MSGSEND = YES;
				ENABLE_TESTABILITY = YES;
				GCC_C_LANGUAGE_STANDARD = gnu99;
				GCC_DYNAMIC_NO_PIC = NO;
				GCC_NO_COMMON_BLOCKS = YES;
				GCC_OPTIMIZATION_LEVEL = 0;
				GCC_PREPROCESSOR_DEFINITIONS = (
					"DEBUG=1",
					"$(inherited)",
				);
				GCC_WARN_64_TO_32_BIT_CONVERSION = YES;
				GCC_WARN_ABOUT_RETURN_TYPE = YES_ERROR;
				GCC_WARN_UNDECLARED_SELECTOR = YES;
				GCC_WARN_UNINITIALIZED_AUTOS = YES_AGGRESSIVE;
				GCC_WARN_UNUSED_FUNCTION = YES;
				GCC_WARN_UNUSED_VARIABLE = YES;
				IPHONEOS_DEPLOYMENT_TARGET = 9.2;
				MTL_ENABLE_DEBUG_INFO = YES;
				ONLY_ACTIVE_ARCH = YES;
				SDKROOT = iphoneos;
			};
			name = Debug;
		};
		8E8FE03C1C9AF0CC00C83731 /* Release */ = {
			isa = XCBuildConfiguration;
			buildSettings = {
				ALWAYS_SEARCH_USER_PATHS = NO;
				CLANG_CXX_LANGUAGE_STANDARD = "gnu++0x";
				CLANG_CXX_LIBRARY = "libc++";
				CLANG_ENABLE_MODULES = YES;
				CLANG_ENABLE_OBJC_ARC = YES;
				CLANG_WARN_BOOL_CONVERSION = YES;
				CLANG_WARN_CONSTANT_CONVERSION = YES;
				CLANG_WARN_DIRECT_OBJC_ISA_USAGE = YES_ERROR;
				CLANG_WARN_EMPTY_BODY = YES;
				CLANG_WARN_ENUM_CONVERSION = YES;
				CLANG_WARN_INT_CONVERSION = YES;
				CLANG_WARN_OBJC_ROOT_CLASS = YES_ERROR;
				CLANG_WARN_UNREACHABLE_CODE = YES;
				CLANG_WARN__DUPLICATE_METHOD_MATCH = YES;
				"CODE_SIGN_IDENTITY[sdk=iphoneos*]" = "iPhone Developer";
				COPY_PHASE_STRIP = NO;
				DEBUG_INFORMATION_FORMAT = "dwarf-with-dsym";
				ENABLE_NS_ASSERTIONS = NO;
				ENABLE_STRICT_OBJC_MSGSEND = YES;
				GCC_C_LANGUAGE_STANDARD = gnu99;
				GCC_NO_COMMON_BLOCKS = YES;
				GCC_WARN_64_TO_32_BIT_CONVERSION = YES;
				GCC_WARN_ABOUT_RETURN_TYPE = YES_ERROR;
				GCC_WARN_UNDECLARED_SELECTOR = YES;
				GCC_WARN_UNINITIALIZED_AUTOS = YES_AGGRESSIVE;
				GCC_WARN_UNUSED_FUNCTION = YES;
				GCC_WARN_UNUSED_VARIABLE = YES;
				IPHONEOS_DEPLOYMENT_TARGET = 9.2;
				MTL_ENABLE_DEBUG_INFO = NO;
				SDKROOT = iphoneos;
				VALIDATE_PRODUCT = YES;
			};
			name = Release;
		};
		8E8FE03E1C9AF0CC00C83731 /* Debug */ = {
			isa = XCBuildConfiguration;
			buildSettings = {
				ASSETCATALOG_COMPILER_APPICON_NAME = AppIcon;
				INFOPLIST_FILE = BeatingHeart/Info.plist;
				LD_RUNPATH_SEARCH_PATHS = "$(inherited) @executable_path/Frameworks";
				PRODUCT_BUNDLE_IDENTIFIER = "ZY-CODE.BeatingHeart";
				PRODUCT_NAME = "$(TARGET_NAME)";
			};
			name = Debug;
		};
		8E8FE03F1C9AF0CC00C83731 /* Release */ = {
			isa = XCBuildConfiguration;
			buildSettings = {
				ASSETCATALOG_COMPILER_APPICON_NAME = AppIcon;
				INFOPLIST_FILE = BeatingHeart/Info.plist;
				LD_RUNPATH_SEARCH_PATHS = "$(inherited) @executable_path/Frameworks";
				PRODUCT_BUNDLE_IDENTIFIER = "ZY-CODE.BeatingHeart";
				PRODUCT_NAME = "$(TARGET_NAME)";
			};
			name = Release;
		};
		8E8FE0411C9AF0CC00C83731 /* Debug */ = {
			isa = XCBuildConfiguration;
			buildSettings = {
				BUNDLE_LOADER = "$(TEST_HOST)";
				INFOPLIST_FILE = BeatingHeartTests/Info.plist;
				LD_RUNPATH_SEARCH_PATHS = "$(inherited) @executable_path/Frameworks @loader_path/Frameworks";
				PRODUCT_BUNDLE_IDENTIFIER = "ZY-CODE.BeatingHeartTests";
				PRODUCT_NAME = "$(TARGET_NAME)";
				TEST_HOST = "$(BUILT_PRODUCTS_DIR)/BeatingHeart.app/BeatingHeart";
			};
			name = Debug;
		};
		8E8FE0421C9AF0CC00C83731 /* Release */ = {
			isa = XCBuildConfiguration;
			buildSettings = {
				BUNDLE_LOADER = "$(TEST_HOST)";
				INFOPLIST_FILE = BeatingHeartTests/Info.plist;
				LD_RUNPATH_SEARCH_PATHS = "$(inherited) @executable_path/Frameworks @loader_path/Frameworks";
				PRODUCT_BUNDLE_IDENTIFIER = "ZY-CODE.BeatingHeartTests";
				PRODUCT_NAME = "$(TARGET_NAME)";
				TEST_HOST = "$(BUILT_PRODUCTS_DIR)/BeatingHeart.app/BeatingHeart";
			};
			name = Release;
		};
		8E8FE0441C9AF0CC00C83731 /* Debug */ = {
			isa = XCBuildConfiguration;
			buildSettings = {
				INFOPLIST_FILE = BeatingHeartUITests/Info.plist;
				LD_RUNPATH_SEARCH_PATHS = "$(inherited) @executable_path/Frameworks @loader_path/Frameworks";
				PRODUCT_BUNDLE_IDENTIFIER = "ZY-CODE.BeatingHeartUITests";
				PRODUCT_NAME = "$(TARGET_NAME)";
				TEST_TARGET_NAME = BeatingHeart;
				USES_XCTRUNNER = YES;
			};
			name = Debug;
		};
		8E8FE0451C9AF0CC00C83731 /* Release */ = {
			isa = XCBuildConfiguration;
			buildSettings = {
				INFOPLIST_FILE = BeatingHeartUITests/Info.plist;
				LD_RUNPATH_SEARCH_PATHS = "$(inherited) @executable_path/Frameworks @loader_path/Frameworks";
				PRODUCT_BUNDLE_IDENTIFIER = "ZY-CODE.BeatingHeartUITests";
				PRODUCT_NAME = "$(TARGET_NAME)";
				TEST_TARGET_NAME = BeatingHeart;
				USES_XCTRUNNER = YES;
			};
			name = Release;
		};
/* End XCBuildConfiguration section */

/* Begin XCConfigurationList section */
		8E8FE00B1C9AF0CC00C83731 /* Build configuration list for PBXProject "BeatingHeart" */ = {
			isa = XCConfigurationList;
			buildConfigurations = (
				8E8FE03B1C9AF0CC00C83731 /* Debug */,
				8E8FE03C1C9AF0CC00C83731 /* Release */,
			);
			defaultConfigurationIsVisible = 0;
			defaultConfigurationName = Release;
		};
		8E8FE03D1C9AF0CC00C83731 /* Build configuration list for PBXNativeTarget "BeatingHeart" */ = {
			isa = XCConfigurationList;
			buildConfigurations = (
				8E8FE03E1C9AF0CC00C83731 /* Debug */,
				8E8FE03F1C9AF0CC00C83731 /* Release */,
			);
			defaultConfigurationIsVisible = 0;
		};
		8E8FE0401C9AF0CC00C83731 /* Build configuration list for PBXNativeTarget "BeatingHeartTests" */ = {
			isa = XCConfigurationList;
			buildConfigurations = (
				8E8FE0411C9AF0CC00C83731 /* Debug */,
				8E8FE0421C9AF0CC00C83731 /* Release */,
			);
			defaultConfigurationIsVisible = 0;
		};
		8E8FE0431C9AF0CC00C83731 /* Build configuration list for PBXNativeTarget "BeatingHeartUITests" */ = {
			isa = XCConfigurationList;
			buildConfigurations = (
				8E8FE0441C9AF0CC00C83731 /* Debug */,
				8E8FE0451C9AF0CC00C83731 /* Release */,
			);
			defaultConfigurationIsVisible = 0;
		};
/* End XCConfigurationList section */
	};
	rootObject = 8E8FE0081C9AF0CC00C83731 /* Project object */;
}
